
Microsoft Visual Studio Solution File, Format Version 12.00
# Visual Studio Version 16
VisualStudioVersion = 16.0.29123.88
MinimumVisualStudioVersion = 10.0.40219.1
Project("{888888A0-9F3D-457C-B088-3A5042F75D52}") = "kNN algorithm", "kNN algorithm.pyproj", "{A59F29A9-15EF-418E-A52A-0614140E64B4}"
EndProject
Global
	GlobalSection(SolutionConfigurationPlatforms) = preSolution
		Debug|Any CPU = Debug|Any CPU
		Release|Any CPU = Release|Any CPU
	EndGlobalSection
	GlobalSection(ProjectConfigurationPlatforms) = postSolution
		{A59F29A9-15EF-418E-A52A-0614140E64B4}.Debug|Any CPU.ActiveCfg = Debug|Any CPU
		{A59F29A9-15EF-418E-A52A-0614140E64B4}.Release|Any CPU.ActiveCfg = Release|Any CPU
	EndGlobalSection
	GlobalSection(SolutionProperties) = preSolution
		HideSolutionNode = FALSE
	EndGlobalSection
	GlobalSection(ExtensibilityGlobals) = postSolution
		SolutionGuid = {D899BADF-26A8-4F41-A5F7-F2A467A67EFC}
	EndGlobalSection
EndGlobal
